PODS:
  - LBTATools (1.0.12)
  - SVProgressHUD (2.2.5)

DEPENDENCIES:
  - LBTATools
  - SVProgressHUD (~> 2.2.5)

SPEC REPOS:
  trunk:
    - LBTATools
    - SVProgressHUD

SPEC CHECKSUMS:
  LBTATools: 389a901a01b9a56bea5682c40cd6e23530f40015
  SVProgressHUD: 1428aafac632c1f86f62aa4243ec12008d7a51d6

PODFILE CHECKSUM: 4f4d07736f2dbd6e632296a8fb1fe3eeb62b92f5

COCOAPODS: 1.10.1
