// !$*UTF8*$!
{
	archiveVersion = 1;
	classes = {
	};
	objectVersion = 50;
	objects = {

/* Begin PBXBuildFile section */
		375F49AE25F8E6630048FACD /* AppDelegate.swift in Sources */ = {isa = PBXBuildFile; fileRef = 375F49AD25F8E6630048FACD /* AppDelegate.swift */; };
		375F49B025F8E6630048FACD /* SceneDelegate.swift in Sources */ = {isa = PBXBuildFile; fileRef = 375F49AF25F8E6630048FACD /* SceneDelegate.swift */; };
		375F49B225F8E6630048FACD /* ViewController.swift in Sources */ = {isa = PBXBuildFile; fileRef = 375F49B125F8E6630048FACD /* ViewController.swift */; };
		375F49B525F8E6630048FACD /* Main.storyboard in Resources */ = {isa = PBXBuildFile; fileRef = 375F49B325F8E6630048FACD /* Main.storyboard */; };
		375F49B725F8E6660048FACD /* Assets.xcassets in Resources */ = {isa = PBXBuildFile; fileRef = 375F49B625F8E6660048FACD /* Assets.xcassets */; };
		375F49BA25F8E6660048FACD /* LaunchScreen.storyboard in Resources */ = {isa = PBXBuildFile; fileRef = 375F49B825F8E6660048FACD /* LaunchScreen.storyboard */; };
		375F49C525F8E6660048FACD /* SetScheduleTestTests.swift in Sources */ = {isa = PBXBuildFile; fileRef = 375F49C425F8E6660048FACD /* SetScheduleTestTests.swift */; };
		375F49D025F8E6660048FACD /* SetScheduleTestUITests.swift in Sources */ = {isa = PBXBuildFile; fileRef = 375F49CF25F8E6660048FACD /* SetScheduleTestUITests.swift */; };
/* End PBXBuildFile section */

/* Begin PBXContainerItemProxy section */
		375F49C125F8E6660048FACD /* PBXContainerItemProxy */ = {
			isa = PBXContainerItemProxy;
			containerPortal = 375F49A225F8E6630048FACD /* Project object */;
			proxyType = 1;
			remoteGlobalIDString = 375F49A925F8E6630048FACD;
			remoteInfo = SetScheduleTest;
		};
		375F49CC25F8E6660048FACD /* PBXContainerItemProxy */ = {
			isa = PBXContainerItemProxy;
			containerPortal = 375F49A225F8E6630048FACD /* Project object */;
			proxyType = 1;
			remoteGlobalIDString = 375F49A925F8E6630048FACD;
			remoteInfo = SetScheduleTest;
		};
/* End PBXContainerItemProxy section */

/* Begin PBXFileReference section */
		375F49AA25F8E6630048FACD /* SetScheduleTest.app */ = {isa = PBXFileReference; explicitFileType = wrapper.application; includeInIndex = 0; path = SetScheduleTest.app; sourceTree = BUILT_PRODUCTS_DIR; };
		375F49AD25F8E6630048FACD /* AppDelegate.swift */ = {isa = PBXFileReference; lastKnownFileType = sourcecode.swift; path = AppDelegate.swift; sourceTree = "<group>"; };
		375F49AF25F8E6630048FACD /* SceneDelegate.swift */ = {isa = PBXFileReference; lastKnownFileType = sourcecode.swift; path = SceneDelegate.swift; sourceTree = "<group>"; };
		375F49B125F8E6630048FACD /* ViewController.swift */ = {isa = PBXFileReference; lastKnownFileType = sourcecode.swift; path = ViewController.swift; sourceTree = "<group>"; };
		375F49B425F8E6630048FACD /* Base */ = {isa = PBXFileReference; lastKnownFileType = file.storyboard; name = Base; path = Base.lproj/Main.storyboard; sourceTree = "<group>"; };
		375F49B625F8E6660048FACD /* Assets.xcassets */ = {isa = PBXFileReference; lastKnownFileType = folder.assetcatalog; path = Assets.xcassets; sourceTree = "<group>"; };
		375F49B925F8E6660048FACD /* Base */ = {isa = PBXFileReference; lastKnownFileType = file.storyboard; name = Base; path = Base.lproj/LaunchScreen.storyboard; sourceTree = "<group>"; };
		375F49BB25F8E6660048FACD /* Info.plist */ = {isa = PBXFileReference; lastKnownFileType = text.plist.xml; path = Info.plist; sourceTree = "<group>"; };
		375F49C025F8E6660048FACD /* SetScheduleTestTests.xctest */ = {isa = PBXFileReference; explicitFileType = wrapper.cfbundle; includeInIndex = 0; path = SetScheduleTestTests.xctest; sourceTree = BUILT_PRODUCTS_DIR; };
		375F49C425F8E6660048FACD /* SetScheduleTestTests.swift */ = {isa = PBXFileReference; lastKnownFileType = sourcecode.swift; path = SetScheduleTestTests.swift; sourceTree = "<group>"; };
		375F49C625F8E6660048FACD /* Info.plist */ = {isa = PBXFileReference; lastKnownFileType = text.plist.xml; path = Info.plist; sourceTree = "<group>"; };
		375F49CB25F8E6660048FACD /* SetScheduleTestUITests.xctest */ = {isa = PBXFileReference; explicitFileType = wrapper.cfbundle; includeInIndex = 0; path = SetScheduleTestUITests.xctest; sourceTree = BUILT_PRODUCTS_DIR; };
		375F49CF25F8E6660048FACD /* SetScheduleTestUITests.swift */ = {isa = PBXFileReference; lastKnownFileType = sourcecode.swift; path = SetScheduleTestUITests.swift; sourceTree = "<group>"; };
		375F49D125F8E6660048FACD /* Info.plist */ = {isa = PBXFileReference; lastKnownFileType = text.plist.xml; path = Info.plist; sourceTree = "<group>"; };
/* End PBXFileReference section */

/* Begin PBXFrameworksBuildPhase section */
		375F49A725F8E6630048FACD /* Frameworks */ = {
			isa = PBXFrameworksBuildPhase;
			buildActionMask = 2147483647;
			files = (
			);
			runOnlyForDeploymentPostprocessing = 0;
		};
		375F49BD25F8E6660048FACD /* Frameworks */ = {
			isa = PBXFrameworksBuildPhase;
			buildActionMask = 2147483647;
			files = (
			);
			runOnlyForDeploymentPostprocessing = 0;
		};
		375F49C825F8E6660048FACD /* Frameworks */ = {
			isa = PBXFrameworksBuildPhase;
			buildActionMask = 2147483647;
			files = (
			);
			runOnlyForDeploymentPostprocessing = 0;
		};
/* End PBXFrameworksBuildPhase section */

/* Begin PBXGroup section */
		375F49A125F8E6630048FACD = {
			isa = PBXGroup;
			children = (
				375F49AC25F8E6630048FACD /* SetScheduleTest */,
				375F49C325F8E6660048FACD /* SetScheduleTestTests */,
				375F49CE25F8E6660048FACD /* SetScheduleTestUITests */,
				375F49AB25F8E6630048FACD /* Products */,
			);
			sourceTree = "<group>";
		};
		375F49AB25F8E6630048FACD /* Products */ = {
			isa = PBXGroup;
			children = (
				375F49AA25F8E6630048FACD /* SetScheduleTest.app */,
				375F49C025F8E6660048FACD /* SetScheduleTestTests.xctest */,
				375F49CB25F8E6660048FACD /* SetScheduleTestUITests.xctest */,
			);
			name = Products;
			sourceTree = "<group>";
		};
		375F49AC25F8E6630048FACD /* SetScheduleTest */ = {
			isa = PBXGroup;
			children = (
				375F49AD25F8E6630048FACD /* AppDelegate.swift */,
				375F49AF25F8E6630048FACD /* SceneDelegate.swift */,
				375F49B125F8E6630048FACD /* ViewController.swift */,
				375F49B325F8E6630048FACD /* Main.storyboard */,
				375F49B625F8E6660048FACD /* Assets.xcassets */,
				375F49B825F8E6660048FACD /* LaunchScreen.storyboard */,
				375F49BB25F8E6660048FACD /* Info.plist */,
			);
			path = SetScheduleTest;
			sourceTree = "<group>";
		};
		375F49C325F8E6660048FACD /* SetScheduleTestTests */ = {
			isa = PBXGroup;
			children = (
				375F49C425F8E6660048FACD /* SetScheduleTestTests.swift */,
				375F49C625F8E6660048FACD /* Info.plist */,
			);
			path = SetScheduleTestTests;
			sourceTree = "<group>";
		};
		375F49CE25F8E6660048FACD /* SetScheduleTestUITests */ = {
			isa = PBXGroup;
			children = (
				375F49CF25F8E6660048FACD /* SetScheduleTestUITests.swift */,
				375F49D125F8E6660048FACD /* Info.plist */,
			);
			path = SetScheduleTestUITests;
			sourceTree = "<group>";
		};
/* End PBXGroup section */

/* Begin PBXNativeTarget section */
		375F49A925F8E6630048FACD /* SetScheduleTest */ = {
			isa = PBXNativeTarget;
			buildConfigurationList = 375F49D425F8E6660048FACD /* Build configuration list for PBXNativeTarget "SetScheduleTest" */;
			buildPhases = (
				375F49A625F8E6630048FACD /* Sources */,
				375F49A725F8E6630048FACD /* Frameworks */,
				375F49A825F8E6630048FACD /* Resources */,
			);
			buildRules = (
			);
			dependencies = (
			);
			name = SetScheduleTest;
			productName = SetScheduleTest;
			productReference = 375F49AA25F8E6630048FACD /* SetScheduleTest.app */;
			productType = "com.apple.product-type.application";
		};
		375F49BF25F8E6660048FACD /* SetScheduleTestTests */ = {
			isa = PBXNativeTarget;
			buildConfigurationList = 375F49D725F8E6660048FACD /* Build configuration list for PBXNativeTarget "SetScheduleTestTests" */;
			buildPhases = (
				375F49BC25F8E6660048FACD /* Sources */,
				375F49BD25F8E6660048FACD /* Frameworks */,
				375F49BE25F8E6660048FACD /* Resources */,
			);
			buildRules = (
			);
			dependencies = (
				375F49C225F8E6660048FACD /* PBXTargetDependency */,
			);
			name = SetScheduleTestTests;
			productName = SetScheduleTestTests;
			productReference = 375F49C025F8E6660048FACD /* SetScheduleTestTests.xctest */;
			productType = "com.apple.product-type.bundle.unit-test";
		};
		375F49CA25F8E6660048FACD /* SetScheduleTestUITests */ = {
			isa = PBXNativeTarget;
			buildConfigurationList = 375F49DA25F8E6660048FACD /* Build configuration list for PBXNativeTarget "SetScheduleTestUITests" */;
			buildPhases = (
				375F49C725F8E6660048FACD /* Sources */,
				375F49C825F8E6660048FACD /* Frameworks */,
				375F49C925F8E6660048FACD /* Resources */,
			);
			buildRules = (
			);
			dependencies = (
				375F49CD25F8E6660048FACD /* PBXTargetDependency */,
			);
			name = SetScheduleTestUITests;
			productName = SetScheduleTestUITests;
			productReference = 375F49CB25F8E6660048FACD /* SetScheduleTestUITests.xctest */;
			productType = "com.apple.product-type.bundle.ui-testing";
		};
/* End PBXNativeTarget section */

/* Begin PBXProject section */
		375F49A225F8E6630048FACD /* Project object */ = {
			isa = PBXProject;
			attributes = {
				LastSwiftUpdateCheck = 1240;
				LastUpgradeCheck = 1240;
				TargetAttributes = {
					375F49A925F8E6630048FACD = {
						CreatedOnToolsVersion = 12.4;
					};
					375F49BF25F8E6660048FACD = {
						CreatedOnToolsVersion = 12.4;
						TestTargetID = 375F49A925F8E6630048FACD;
					};
					375F49CA25F8E6660048FACD = {
						CreatedOnToolsVersion = 12.4;
						TestTargetID = 375F49A925F8E6630048FACD;
					};
				};
			};
			buildConfigurationList = 375F49A525F8E6630048FACD /* Build configuration list for PBXProject "SetScheduleTest" */;
			compatibilityVersion = "Xcode 9.3";
			developmentRegion = en;
			hasScannedForEncodings = 0;
			knownRegions = (
				en,
				Base,
			);
			mainGroup = 375F49A125F8E6630048FACD;
			productRefGroup = 375F49AB25F8E6630048FACD /* Products */;
			projectDirPath = "";
			projectRoot = "";
			targets = (
				375F49A925F8E6630048FACD /* SetScheduleTest */,
				375F49BF25F8E6660048FACD /* SetScheduleTestTests */,
				375F49CA25F8E6660048FACD /* SetScheduleTestUITests */,
			);
		};
/* End PBXProject section */

/* Begin PBXResourcesBuildPhase section */
		375F49A825F8E6630048FACD /* Resources */ = {
			isa = PBXResourcesBuildPhase;
			buildActionMask = 2147483647;
			files = (
				375F49BA25F8E6660048FACD /* LaunchScreen.storyboard in Resources */,
				375F49B725F8E6660048FACD /* Assets.xcassets in Resources */,
				375F49B525F8E6630048FACD /* Main.storyboard in Resources */,
			);
			runOnlyForDeploymentPostprocessing = 0;
		};
		375F49BE25F8E6660048FACD /* Resources */ = {
			isa = PBXResourcesBuildPhase;
			buildActionMask = 2147483647;
			files = (
			);
			runOnlyForDeploymentPostprocessing = 0;
		};
		375F49C925F8E6660048FACD /* Resources */ = {
			isa = PBXResourcesBuildPhase;
			buildActionMask = 2147483647;
			files = (
			);
			runOnlyForDeploymentPostprocessing = 0;
		};
/* End PBXResourcesBuildPhase section */

/* Begin PBXSourcesBuildPhase section */
		375F49A625F8E6630048FACD /* Sources */ = {
			isa = PBXSourcesBuildPhase;
			buildActionMask = 2147483647;
			files = (
				375F49B225F8E6630048FACD /* ViewController.swift in Sources */,
				375F49AE25F8E6630048FACD /* AppDelegate.swift in Sources */,
				375F49B025F8E6630048FACD /* SceneDelegate.swift in Sources */,
			);
			runOnlyForDeploymentPostprocessing = 0;
		};
		375F49BC25F8E6660048FACD /* Sources */ = {
			isa = PBXSourcesBuildPhase;
			buildActionMask = 2147483647;
			files = (
				375F49C525F8E6660048FACD /* SetScheduleTestTests.swift in Sources */,
			);
			runOnlyForDeploymentPostprocessing = 0;
		};
		375F49C725F8E6660048FACD /* Sources */ = {
			isa = PBXSourcesBuildPhase;
			buildActionMask = 2147483647;
			files = (
				375F49D025F8E6660048FACD /* SetScheduleTestUITests.swift in Sources */,
			);
			runOnlyForDeploymentPostprocessing = 0;
		};
/* End PBXSourcesBuildPhase section */

/* Begin PBXTargetDependency section */
		375F49C225F8E6660048FACD /* PBXTargetDependency */ = {
			isa = PBXTargetDependency;
			target = 375F49A925F8E6630048FACD /* SetScheduleTest */;
			targetProxy = 375F49C125F8E6660048FACD /* PBXContainerItemProxy */;
		};
		375F49CD25F8E6660048FACD /* PBXTargetDependency */ = {
			isa = PBXTargetDependency;
			target = 375F49A925F8E6630048FACD /* SetScheduleTest */;
			targetProxy = 375F49CC25F8E6660048FACD /* PBXContainerItemProxy */;
		};
/* End PBXTargetDependency section */

/* Begin PBXVariantGroup section */
		375F49B325F8E6630048FACD /* Main.storyboard */ = {
			isa = PBXVariantGroup;
			children = (
				375F49B425F8E6630048FACD /* Base */,
			);
			name = Main.storyboard;
			sourceTree = "<group>";
		};
		375F49B825F8E6660048FACD /* LaunchScreen.storyboard */ = {
			isa = PBXVariantGroup;
			children = (
				375F49B925F8E6660048FACD /* Base */,
			);
			name = LaunchScreen.storyboard;
			sourceTree = "<group>";
		};
/* End PBXVariantGroup section */

/* Begin XCBuildConfiguration section */
		375F49D225F8E6660048FACD /* Debug */ = {
			isa = XCBuildConfiguration;
			buildSettings = {
				ALWAYS_SEARCH_USER_PATHS = NO;
				CLANG_ANALYZER_NONNULL = YES;
				CLANG_ANALYZER_NUMBER_OBJECT_CONVERSION = YES_AGGRESSIVE;
				CLANG_CXX_LANGUAGE_STANDARD = "gnu++14";
				CLANG_CXX_LIBRARY = "libc++";
				CLANG_ENABLE_MODULES = YES;
				CLANG_ENABLE_OBJC_ARC = YES;
				CLANG_ENABLE_OBJC_WEAK = YES;
				CLANG_WARN_BLOCK_CAPTURE_AUTORELEASING = YES;
				CLANG_WARN_BOOL_CONVERSION = YES;
				CLANG_WARN_COMMA = YES;
				CLANG_WARN_CONSTANT_CONVERSION = YES;
				CLANG_WARN_DEPRECATED_OBJC_IMPLEMENTATIONS = YES;
				CLANG_WARN_DIRECT_OBJC_ISA_USAGE = YES_ERROR;
				CLANG_WARN_DOCUMENTATION_COMMENTS = YES;
				CLANG_WARN_EMPTY_BODY = YES;
				CLANG_WARN_ENUM_CONVERSION = YES;
				CLANG_WARN_INFINITE_RECURSION = YES;
				CLANG_WARN_INT_CONVERSION = YES;
				CLANG_WARN_NON_LITERAL_NULL_CONVERSION = YES;
				CLANG_WARN_OBJC_IMPLICIT_RETAIN_SELF = YES;
				CLANG_WARN_OBJC_LITERAL_CONVERSION = YES;
				CLANG_WARN_OBJC_ROOT_CLASS = YES_ERROR;
				CLANG_WARN_QUOTED_INCLUDE_IN_FRAMEWORK_HEADER = YES;
				CLANG_WARN_RANGE_LOOP_ANALYSIS = YES;
				CLANG_WARN_STRICT_PROTOTYPES = YES;
				CLANG_WARN_SUSPICIOUS_MOVE = YES;
				CLANG_WARN_UNGUARDED_AVAILABILITY = YES_AGGRESSIVE;
				CLANG_WARN_UNREACHABLE_CODE = YES;
				CLANG_WARN__DUPLICATE_METHOD_MATCH = YES;
				COPY_PHASE_STRIP = NO;
				DEBUG_INFORMATION_FORMAT = dwarf;
				ENABLE_STRICT_OBJC_MSGSEND = YES;
				ENABLE_TESTABILITY = YES;
				GCC_C_LANGUAGE_STANDARD = gnu11;
				GCC_DYNAMIC_NO_PIC = NO;
				GCC_NO_COMMON_BLOCKS = YES;
				GCC_OPTIMIZATION_LEVEL = 0;
				GCC_PREPROCESSOR_DEFINITIONS = (
					"DEBUG=1",
					"$(inherited)",
				);
				GCC_WARN_64_TO_32_BIT_CONVERSION = YES;
				GCC_WARN_ABOUT_RETURN_TYPE = YES_ERROR;
				GCC_WARN_UNDECLARED_SELECTOR = YES;
				GCC_WARN_UNINITIALIZED_AUTOS = YES_AGGRESSIVE;
				GCC_WARN_UNUSED_FUNCTION = YES;
				GCC_WARN_UNUSED_VARIABLE = YES;
				IPHONEOS_DEPLOYMENT_TARGET = 14.4;
				MTL_ENABLE_DEBUG_INFO = INCLUDE_SOURCE;
				MTL_FAST_MATH = YES;
				ONLY_ACTIVE_ARCH = YES;
				SDKROOT = iphoneos;
				SWIFT_ACTIVE_COMPILATION_CONDITIONS = DEBUG;
				SWIFT_OPTIMIZATION_LEVEL = "-Onone";
			};
			name = Debug;
		};
		375F49D325F8E6660048FACD /* Release */ = {
			isa = XCBuildConfiguration;
			buildSettings = {
				ALWAYS_SEARCH_USER_PATHS = NO;
				CLANG_ANALYZER_NONNULL = YES;
				CLANG_ANALYZER_NUMBER_OBJECT_CONVERSION = YES_AGGRESSIVE;
				CLANG_CXX_LANGUAGE_STANDARD = "gnu++14";
				CLANG_CXX_LIBRARY = "libc++";
				CLANG_ENABLE_MODULES = YES;
				CLANG_ENABLE_OBJC_ARC = YES;
				CLANG_ENABLE_OBJC_WEAK = YES;
				CLANG_WARN_BLOCK_CAPTURE_AUTORELEASING = YES;
				CLANG_WARN_BOOL_CONVERSION = YES;
				CLANG_WARN_COMMA = YES;
				CLANG_WARN_CONSTANT_CONVERSION = YES;
				CLANG_WARN_DEPRECATED_OBJC_IMPLEMENTATIONS = YES;
				CLANG_WARN_DIRECT_OBJC_ISA_USAGE = YES_ERROR;
				CLANG_WARN_DOCUMENTATION_COMMENTS = YES;
				CLANG_WARN_EMPTY_BODY = YES;
				CLANG_WARN_ENUM_CONVERSION = YES;
				CLANG_WARN_INFINITE_RECURSION = YES;
				CLANG_WARN_INT_CONVERSION = YES;
				CLANG_WARN_NON_LITERAL_NULL_CONVERSION = YES;
				CLANG_WARN_OBJC_IMPLICIT_RETAIN_SELF = YES;
				CLANG_WARN_OBJC_LITERAL_CONVERSION = YES;
				CLANG_WARN_OBJC_ROOT_CLASS = YES_ERROR;
				CLANG_WARN_QUOTED_INCLUDE_IN_FRAMEWORK_HEADER = YES;
				CLANG_WARN_RANGE_LOOP_ANALYSIS = YES;
				CLANG_WARN_STRICT_PROTOTYPES = YES;
				CLANG_WARN_SUSPICIOUS_MOVE = YES;
				CLANG_WARN_UNGUARDED_AVAILABILITY = YES_AGGRESSIVE;
				CLANG_WARN_UNREACHABLE_CODE = YES;
				CLANG_WARN__DUPLICATE_METHOD_MATCH = YES;
				COPY_PHASE_STRIP = NO;
				DEBUG_INFORMATION_FORMAT = "dwarf-with-dsym";
				ENABLE_NS_ASSERTIONS = NO;
				ENABLE_STRICT_OBJC_MSGSEND = YES;
				GCC_C_LANGUAGE_STANDARD = gnu11;
				GCC_NO_COMMON_BLOCKS = YES;
				GCC_WARN_64_TO_32_BIT_CONVERSION = YES;
				GCC_WARN_ABOUT_RETURN_TYPE = YES_ERROR;
				GCC_WARN_UNDECLARED_SELECTOR = YES;
				GCC_WARN_UNINITIALIZED_AUTOS = YES_AGGRESSIVE;
				GCC_WARN_UNUSED_FUNCTION = YES;
				GCC_WARN_UNUSED_VARIABLE = YES;
				IPHONEOS_DEPLOYMENT_TARGET = 14.4;
				MTL_ENABLE_DEBUG_INFO = NO;
				MTL_FAST_MATH = YES;
				SDKROOT = iphoneos;
				SWIFT_COMPILATION_MODE = wholemodule;
				SWIFT_OPTIMIZATION_LEVEL = "-O";
				VALIDATE_PRODUCT = YES;
			};
			name = Release;
		};
		375F49D525F8E6660048FACD /* Debug */ = {
			isa = XCBuildConfiguration;
			buildSettings = {
				ASSETCATALOG_COMPILER_APPICON_NAME = AppIcon;
				ASSETCATALOG_COMPILER_GLOBAL_ACCENT_COLOR_NAME = AccentColor;
				CODE_SIGN_STYLE = Automatic;
				DEVELOPMENT_TEAM = TAVFWZZ98S;
				INFOPLIST_FILE = SetScheduleTest/Info.plist;
				LD_RUNPATH_SEARCH_PATHS = (
					"$(inherited)",
					"@executable_path/Frameworks",
				);
				PRODUCT_BUNDLE_IDENTIFIER = tableview.SetScheduleTest;
				PRODUCT_NAME = "$(TARGET_NAME)";
				SWIFT_VERSION = 5.0;
				TARGETED_DEVICE_FAMILY = "1,2";
			};
			name = Debug;
		};
		375F49D625F8E6660048FACD /* Release */ = {
			isa = XCBuildConfiguration;
			buildSettings = {
				ASSETCATALOG_COMPILER_APPICON_NAME = AppIcon;
				ASSETCATALOG_COMPILER_GLOBAL_ACCENT_COLOR_NAME = AccentColor;
				CODE_SIGN_STYLE = Automatic;
				DEVELOPMENT_TEAM = TAVFWZZ98S;
				INFOPLIST_FILE = SetScheduleTest/Info.plist;
				LD_RUNPATH_SEARCH_PATHS = (
					"$(inherited)",
					"@executable_path/Frameworks",
				);
				PRODUCT_BUNDLE_IDENTIFIER = tableview.SetScheduleTest;
				PRODUCT_NAME = "$(TARGET_NAME)";
				SWIFT_VERSION = 5.0;
				TARGETED_DEVICE_FAMILY = "1,2";
			};
			name = Release;
		};
		375F49D825F8E6660048FACD /* Debug */ = {
			isa = XCBuildConfiguration;
			buildSettings = {
				ALWAYS_EMBED_SWIFT_STANDARD_LIBRARIES = YES;
				BUNDLE_LOADER = "$(TEST_HOST)";
				CODE_SIGN_STYLE = Automatic;
				DEVELOPMENT_TEAM = TAVFWZZ98S;
				INFOPLIST_FILE = SetScheduleTestTests/Info.plist;
				IPHONEOS_DEPLOYMENT_TARGET = 14.4;
				LD_RUNPATH_SEARCH_PATHS = (
					"$(inherited)",
					"@executable_path/Frameworks",
					"@loader_path/Frameworks",
				);
				PRODUCT_BUNDLE_IDENTIFIER = tableview.SetScheduleTestTests;
				PRODUCT_NAME = "$(TARGET_NAME)";
				SWIFT_VERSION = 5.0;
				TARGETED_DEVICE_FAMILY = "1,2";
				TEST_HOST = "$(BUILT_PRODUCTS_DIR)/SetScheduleTest.app/SetScheduleTest";
			};
			name = Debug;
		};
		375F49D925F8E6660048FACD /* Release */ = {
			isa = XCBuildConfiguration;
			buildSettings = {
				ALWAYS_EMBED_SWIFT_STANDARD_LIBRARIES = YES;
				BUNDLE_LOADER = "$(TEST_HOST)";
				CODE_SIGN_STYLE = Automatic;
				DEVELOPMENT_TEAM = TAVFWZZ98S;
				INFOPLIST_FILE = SetScheduleTestTests/Info.plist;
				IPHONEOS_DEPLOYMENT_TARGET = 14.4;
				LD_RUNPATH_SEARCH_PATHS = (
					"$(inherited)",
					"@executable_path/Frameworks",
					"@loader_path/Frameworks",
				);
				PRODUCT_BUNDLE_IDENTIFIER = tableview.SetScheduleTestTests;
				PRODUCT_NAME = "$(TARGET_NAME)";
				SWIFT_VERSION = 5.0;
				TARGETED_DEVICE_FAMILY = "1,2";
				TEST_HOST = "$(BUILT_PRODUCTS_DIR)/SetScheduleTest.app/SetScheduleTest";
			};
			name = Release;
		};
		375F49DB25F8E6660048FACD /* Debug */ = {
			isa = XCBuildConfiguration;
			buildSettings = {
				ALWAYS_EMBED_SWIFT_STANDARD_LIBRARIES = YES;
				CODE_SIGN_STYLE = Automatic;
				DEVELOPMENT_TEAM = TAVFWZZ98S;
				INFOPLIST_FILE = SetScheduleTestUITests/Info.plist;
				LD_RUNPATH_SEARCH_PATHS = (
					"$(inherited)",
					"@executable_path/Frameworks",
					"@loader_path/Frameworks",
				);
				PRODUCT_BUNDLE_IDENTIFIER = tableview.SetScheduleTestUITests;
				PRODUCT_NAME = "$(TARGET_NAME)";
				SWIFT_VERSION = 5.0;
				TARGETED_DEVICE_FAMILY = "1,2";
				TEST_TARGET_NAME = SetScheduleTest;
			};
			name = Debug;
		};
		375F49DC25F8E6660048FACD /* Release */ = {
			isa = XCBuildConfiguration;
			buildSettings = {
				ALWAYS_EMBED_SWIFT_STANDARD_LIBRARIES = YES;
				CODE_SIGN_STYLE = Automatic;
				DEVELOPMENT_TEAM = TAVFWZZ98S;
				INFOPLIST_FILE = SetScheduleTestUITests/Info.plist;
				LD_RUNPATH_SEARCH_PATHS = (
					"$(inherited)",
					"@executable_path/Frameworks",
					"@loader_path/Frameworks",
				);
				PRODUCT_BUNDLE_IDENTIFIER = tableview.SetScheduleTestUITests;
				PRODUCT_NAME = "$(TARGET_NAME)";
				SWIFT_VERSION = 5.0;
				TARGETED_DEVICE_FAMILY = "1,2";
				TEST_TARGET_NAME = SetScheduleTest;
			};
			name = Release;
		};
/* End XCBuildConfiguration section */

/* Begin XCConfigurationList section */
		375F49A525F8E6630048FACD /* Build configuration list for PBXProject "SetScheduleTest" */ = {
			isa = XCConfigurationList;
			buildConfigurations = (
				375F49D225F8E6660048FACD /* Debug */,
				375F49D325F8E6660048FACD /* Release */,
			);
			defaultConfigurationIsVisible = 0;
			defaultConfigurationName = Release;
		};
		375F49D425F8E6660048FACD /* Build configuration list for PBXNativeTarget "SetScheduleTest" */ = {
			isa = XCConfigurationList;
			buildConfigurations = (
				375F49D525F8E6660048FACD /* Debug */,
				375F49D625F8E6660048FACD /* Release */,
			);
			defaultConfigurationIsVisible = 0;
			defaultConfigurationName = Release;
		};
		375F49D725F8E6660048FACD /* Build configuration list for PBXNativeTarget "SetScheduleTestTests" */ = {
			isa = XCConfigurationList;
			buildConfigurations = (
				375F49D825F8E6660048FACD /* Debug */,
				375F49D925F8E6660048FACD /* Release */,
			);
			defaultConfigurationIsVisible = 0;
			defaultConfigurationName = Release;
		};
		375F49DA25F8E6660048FACD /* Build configuration list for PBXNativeTarget "SetScheduleTestUITests" */ = {
			isa = XCConfigurationList;
			buildConfigurations = (
				375F49DB25F8E6660048FACD /* Debug */,
				375F49DC25F8E6660048FACD /* Release */,
			);
			defaultConfigurationIsVisible = 0;
			defaultConfigurationName = Release;
		};
/* End XCConfigurationList section */
	};
	rootObject = 375F49A225F8E6630048FACD /* Project object */;
}
