// !$*UTF8*$!
{
	archiveVersion = 1;
	classes = {
	};
	objectVersion = 51;
	objects = {

/* Begin PBXBuildFile section */
		133FB4D1D97EBAFEFAACAD80 /* Pods_SetScheduleTestTests.framework in Frameworks */ = {isa = PBXBuildFile; fileRef = 8D9A05E62075119B02F71A28 /* Pods_SetScheduleTestTests.framework */; };
		375F49AE25F8E6630048FACD /* AppDelegate.swift in Sources */ = {isa = PBXBuildFile; fileRef = 375F49AD25F8E6630048FACD /* AppDelegate.swift */; };
		375F49B025F8E6630048FACD /* SceneDelegate.swift in Sources */ = {isa = PBXBuildFile; fileRef = 375F49AF25F8E6630048FACD /* SceneDelegate.swift */; };
		375F49B225F8E6630048FACD /* ViewController.swift in Sources */ = {isa = PBXBuildFile; fileRef = 375F49B125F8E6630048FACD /* ViewController.swift */; };
		375F49B525F8E6630048FACD /* Main.storyboard in Resources */ = {isa = PBXBuildFile; fileRef = 375F49B325F8E6630048FACD /* Main.storyboard */; };
		375F49B725F8E6660048FACD /* Assets.xcassets in Resources */ = {isa = PBXBuildFile; fileRef = 375F49B625F8E6660048FACD /* Assets.xcassets */; };
		375F49BA25F8E6660048FACD /* LaunchScreen.storyboard in Resources */ = {isa = PBXBuildFile; fileRef = 375F49B825F8E6660048FACD /* LaunchScreen.storyboard */; };
		375F49C525F8E6660048FACD /* SetScheduleTestTests.swift in Sources */ = {isa = PBXBuildFile; fileRef = 375F49C425F8E6660048FACD /* SetScheduleTestTests.swift */; };
		375F49D025F8E6660048FACD /* SetScheduleTestUITests.swift in Sources */ = {isa = PBXBuildFile; fileRef = 375F49CF25F8E6660048FACD /* SetScheduleTestUITests.swift */; };
		375F49F225F8E8EE0048FACD /* SearchViewController.swift in Sources */ = {isa = PBXBuildFile; fileRef = 375F49F125F8E8EE0048FACD /* SearchViewController.swift */; };
		375F49F925F8E92A0048FACD /* SearchControllerViewModel.swift in Sources */ = {isa = PBXBuildFile; fileRef = 375F49F825F8E92A0048FACD /* SearchControllerViewModel.swift */; };
		375F49FE25F8E93D0048FACD /* SettingsViewController.swift in Sources */ = {isa = PBXBuildFile; fileRef = 375F49FD25F8E93D0048FACD /* SettingsViewController.swift */; };
		375F4A0925F8EC810048FACD /* EventCellViewModel.swift in Sources */ = {isa = PBXBuildFile; fileRef = 375F4A0825F8EC810048FACD /* EventCellViewModel.swift */; };
		55B5DD738EB9DCA81C21AF33 /* Pods_SetScheduleTest.framework in Frameworks */ = {isa = PBXBuildFile; fileRef = C1B1498D4D2EFA0892EB4A70 /* Pods_SetScheduleTest.framework */; };
		D31DBDB82D5619ED9587BEF3 /* Pods_SetScheduleTest_SetScheduleTestUITests.framework in Frameworks */ = {isa = PBXBuildFile; fileRef = D85EA41D52FD8F57431A6393 /* Pods_SetScheduleTest_SetScheduleTestUITests.framework */; };
/* End PBXBuildFile section */

/* Begin PBXContainerItemProxy section */
		375F49C125F8E6660048FACD /* PBXContainerItemProxy */ = {
			isa = PBXContainerItemProxy;
			containerPortal = 375F49A225F8E6630048FACD /* Project object */;
			proxyType = 1;
			remoteGlobalIDString = 375F49A925F8E6630048FACD;
			remoteInfo = SetScheduleTest;
		};
		375F49CC25F8E6660048FACD /* PBXContainerItemProxy */ = {
			isa = PBXContainerItemProxy;
			containerPortal = 375F49A225F8E6630048FACD /* Project object */;
			proxyType = 1;
			remoteGlobalIDString = 375F49A925F8E6630048FACD;
			remoteInfo = SetScheduleTest;
		};
/* End PBXContainerItemProxy section */

/* Begin PBXFileReference section */
		35DF3F747D462F152CBAEC7A /* Pods-SetScheduleTest.debug.xcconfig */ = {isa = PBXFileReference; includeInIndex = 1; lastKnownFileType = text.xcconfig; name = "Pods-SetScheduleTest.debug.xcconfig"; path = "Target Support Files/Pods-SetScheduleTest/Pods-SetScheduleTest.debug.xcconfig"; sourceTree = "<group>"; };
		375F49AA25F8E6630048FACD /* SetScheduleTest.app */ = {isa = PBXFileReference; explicitFileType = wrapper.application; includeInIndex = 0; path = SetScheduleTest.app; sourceTree = BUILT_PRODUCTS_DIR; };
		375F49AD25F8E6630048FACD /* AppDelegate.swift */ = {isa = PBXFileReference; lastKnownFileType = sourcecode.swift; path = AppDelegate.swift; sourceTree = "<group>"; };
		375F49AF25F8E6630048FACD /* SceneDelegate.swift */ = {isa = PBXFileReference; lastKnownFileType = sourcecode.swift; path = SceneDelegate.swift; sourceTree = "<group>"; };
		375F49B125F8E6630048FACD /* ViewController.swift */ = {isa = PBXFileReference; lastKnownFileType = sourcecode.swift; path = ViewController.swift; sourceTree = "<group>"; };
		375F49B425F8E6630048FACD /* Base */ = {isa = PBXFileReference; lastKnownFileType = file.storyboard; name = Base; path = Base.lproj/Main.storyboard; sourceTree = "<group>"; };
		375F49B625F8E6660048FACD /* Assets.xcassets */ = {isa = PBXFileReference; lastKnownFileType = folder.assetcatalog; path = Assets.xcassets; sourceTree = "<group>"; };
		375F49B925F8E6660048FACD /* Base */ = {isa = PBXFileReference; lastKnownFileType = file.storyboard; name = Base; path = Base.lproj/LaunchScreen.storyboard; sourceTree = "<group>"; };
		375F49BB25F8E6660048FACD /* Info.plist */ = {isa = PBXFileReference; lastKnownFileType = text.plist.xml; path = Info.plist; sourceTree = "<group>"; };
		375F49C025F8E6660048FACD /* SetScheduleTestTests.xctest */ = {isa = PBXFileReference; explicitFileType = wrapper.cfbundle; includeInIndex = 0; path = SetScheduleTestTests.xctest; sourceTree = BUILT_PRODUCTS_DIR; };
		375F49C425F8E6660048FACD /* SetScheduleTestTests.swift */ = {isa = PBXFileReference; lastKnownFileType = sourcecode.swift; path = SetScheduleTestTests.swift; sourceTree = "<group>"; };
		375F49C625F8E6660048FACD /* Info.plist */ = {isa = PBXFileReference; lastKnownFileType = text.plist.xml; path = Info.plist; sourceTree = "<group>"; };
		375F49CB25F8E6660048FACD /* SetScheduleTestUITests.xctest */ = {isa = PBXFileReference; explicitFileType = wrapper.cfbundle; includeInIndex = 0; path = SetScheduleTestUITests.xctest; sourceTree = BUILT_PRODUCTS_DIR; };
		375F49CF25F8E6660048FACD /* SetScheduleTestUITests.swift */ = {isa = PBXFileReference; lastKnownFileType = sourcecode.swift; path = SetScheduleTestUITests.swift; sourceTree = "<group>"; };
		375F49D125F8E6660048FACD /* Info.plist */ = {isa = PBXFileReference; lastKnownFileType = text.plist.xml; path = Info.plist; sourceTree = "<group>"; };
		375F49F125F8E8EE0048FACD /* SearchViewController.swift */ = {isa = PBXFileReference; lastKnownFileType = sourcecode.swift; path = SearchViewController.swift; sourceTree = "<group>"; };
		375F49F825F8E92A0048FACD /* SearchControllerViewModel.swift */ = {isa = PBXFileReference; lastKnownFileType = sourcecode.swift; path = SearchControllerViewModel.swift; sourceTree = "<group>"; };
		375F49FD25F8E93D0048FACD /* SettingsViewController.swift */ = {isa = PBXFileReference; lastKnownFileType = sourcecode.swift; path = SettingsViewController.swift; sourceTree = "<group>"; };
		375F4A0825F8EC810048FACD /* EventCellViewModel.swift */ = {isa = PBXFileReference; lastKnownFileType = sourcecode.swift; path = EventCellViewModel.swift; sourceTree = "<group>"; };
		479B25BFDD25B6C4439867CF /* Pods-SetScheduleTestTests.release.xcconfig */ = {isa = PBXFileReference; includeInIndex = 1; lastKnownFileType = text.xcconfig; name = "Pods-SetScheduleTestTests.release.xcconfig"; path = "Target Support Files/Pods-SetScheduleTestTests/Pods-SetScheduleTestTests.release.xcconfig"; sourceTree = "<group>"; };
		7A769F2E60876977B3423845 /* Pods-SetScheduleTest.release.xcconfig */ = {isa = PBXFileReference; includeInIndex = 1; lastKnownFileType = text.xcconfig; name = "Pods-SetScheduleTest.release.xcconfig"; path = "Target Support Files/Pods-SetScheduleTest/Pods-SetScheduleTest.release.xcconfig"; sourceTree = "<group>"; };
		8D9A05E62075119B02F71A28 /* Pods_SetScheduleTestTests.framework */ = {isa = PBXFileReference; explicitFileType = wrapper.framework; includeInIndex = 0; path = Pods_SetScheduleTestTests.framework; sourceTree = BUILT_PRODUCTS_DIR; };
		92E5899A87736F427EBFE0BB /* Pods-SetScheduleTest-SetScheduleTestUITests.debug.xcconfig */ = {isa = PBXFileReference; includeInIndex = 1; lastKnownFileType = text.xcconfig; name = "Pods-SetScheduleTest-SetScheduleTestUITests.debug.xcconfig"; path = "Target Support Files/Pods-SetScheduleTest-SetScheduleTestUITests/Pods-SetScheduleTest-SetScheduleTestUITests.debug.xcconfig"; sourceTree = "<group>"; };
		C1B1498D4D2EFA0892EB4A70 /* Pods_SetScheduleTest.framework */ = {isa = PBXFileReference; explicitFileType = wrapper.framework; includeInIndex = 0; path = Pods_SetScheduleTest.framework; sourceTree = BUILT_PRODUCTS_DIR; };
		D85EA41D52FD8F57431A6393 /* Pods_SetScheduleTest_SetScheduleTestUITests.framework */ = {isa = PBXFileReference; explicitFileType = wrapper.framework; includeInIndex = 0; path = Pods_SetScheduleTest_SetScheduleTestUITests.framework; sourceTree = BUILT_PRODUCTS_DIR; };
		E5D266F973F3DF13EEBA46D3 /* Pods-SetScheduleTestTests.debug.xcconfig */ = {isa = PBXFileReference; includeInIndex = 1; lastKnownFileType = text.xcconfig; name = "Pods-SetScheduleTestTests.debug.xcconfig"; path = "Target Support Files/Pods-SetScheduleTestTests/Pods-SetScheduleTestTests.debug.xcconfig"; sourceTree = "<group>"; };
		FE3B21D8E8F13118B18E8726 /* Pods-SetScheduleTest-SetScheduleTestUITests.release.xcconfig */ = {isa = PBXFileReference; includeInIndex = 1; lastKnownFileType = text.xcconfig; name = "Pods-SetScheduleTest-SetScheduleTestUITests.release.xcconfig"; path = "Target Support Files/Pods-SetScheduleTest-SetScheduleTestUITests/Pods-SetScheduleTest-SetScheduleTestUITests.release.xcconfig"; sourceTree = "<group>"; };
/* End PBXFileReference section */

/* Begin PBXFrameworksBuildPhase section */
		375F49A725F8E6630048FACD /* Frameworks */ = {
			isa = PBXFrameworksBuildPhase;
			buildActionMask = 2147483647;
			files = (
				55B5DD738EB9DCA81C21AF33 /* Pods_SetScheduleTest.framework in Frameworks */,
			);
			runOnlyForDeploymentPostprocessing = 0;
		};
		375F49BD25F8E6660048FACD /* Frameworks */ = {
			isa = PBXFrameworksBuildPhase;
			buildActionMask = 2147483647;
			files = (
				133FB4D1D97EBAFEFAACAD80 /* Pods_SetScheduleTestTests.framework in Frameworks */,
			);
			runOnlyForDeploymentPostprocessing = 0;
		};
		375F49C825F8E6660048FACD /* Frameworks */ = {
			isa = PBXFrameworksBuildPhase;
			buildActionMask = 2147483647;
			files = (
				D31DBDB82D5619ED9587BEF3 /* Pods_SetScheduleTest_SetScheduleTestUITests.framework in Frameworks */,
			);
			runOnlyForDeploymentPostprocessing = 0;
		};
/* End PBXFrameworksBuildPhase section */

/* Begin PBXGroup section */
		2209A4C6CD6F0598D39BDF42 /* Pods */ = {
			isa = PBXGroup;
			children = (
				35DF3F747D462F152CBAEC7A /* Pods-SetScheduleTest.debug.xcconfig */,
				7A769F2E60876977B3423845 /* Pods-SetScheduleTest.release.xcconfig */,
				92E5899A87736F427EBFE0BB /* Pods-SetScheduleTest-SetScheduleTestUITests.debug.xcconfig */,
				FE3B21D8E8F13118B18E8726 /* Pods-SetScheduleTest-SetScheduleTestUITests.release.xcconfig */,
				E5D266F973F3DF13EEBA46D3 /* Pods-SetScheduleTestTests.debug.xcconfig */,
				479B25BFDD25B6C4439867CF /* Pods-SetScheduleTestTests.release.xcconfig */,
			);
			path = Pods;
			sourceTree = "<group>";
		};
		375F49A125F8E6630048FACD = {
			isa = PBXGroup;
			children = (
				375F49AC25F8E6630048FACD /* SetScheduleTest */,
				375F49C325F8E6660048FACD /* SetScheduleTestTests */,
				375F49CE25F8E6660048FACD /* SetScheduleTestUITests */,
				375F49AB25F8E6630048FACD /* Products */,
				2209A4C6CD6F0598D39BDF42 /* Pods */,
				6381C14998AF1973DD88A59D /* Frameworks */,
			);
			sourceTree = "<group>";
		};
		375F49AB25F8E6630048FACD /* Products */ = {
			isa = PBXGroup;
			children = (
				375F49AA25F8E6630048FACD /* SetScheduleTest.app */,
				375F49C025F8E6660048FACD /* SetScheduleTestTests.xctest */,
				375F49CB25F8E6660048FACD /* SetScheduleTestUITests.xctest */,
			);
			name = Products;
			sourceTree = "<group>";
		};
		375F49AC25F8E6630048FACD /* SetScheduleTest */ = {
			isa = PBXGroup;
			children = (
				375F49F025F8E8CF0048FACD /* Scenes */,
				375F49AD25F8E6630048FACD /* AppDelegate.swift */,
				375F49AF25F8E6630048FACD /* SceneDelegate.swift */,
				375F49B125F8E6630048FACD /* ViewController.swift */,
				375F49B325F8E6630048FACD /* Main.storyboard */,
				375F49B625F8E6660048FACD /* Assets.xcassets */,
				375F49B825F8E6660048FACD /* LaunchScreen.storyboard */,
				375F49BB25F8E6660048FACD /* Info.plist */,
			);
			path = SetScheduleTest;
			sourceTree = "<group>";
		};
		375F49C325F8E6660048FACD /* SetScheduleTestTests */ = {
			isa = PBXGroup;
			children = (
				375F49C425F8E6660048FACD /* SetScheduleTestTests.swift */,
				375F49C625F8E6660048FACD /* Info.plist */,
			);
			path = SetScheduleTestTests;
			sourceTree = "<group>";
		};
		375F49CE25F8E6660048FACD /* SetScheduleTestUITests */ = {
			isa = PBXGroup;
			children = (
				375F49CF25F8E6660048FACD /* SetScheduleTestUITests.swift */,
				375F49D125F8E6660048FACD /* Info.plist */,
			);
			path = SetScheduleTestUITests;
			sourceTree = "<group>";
		};
		375F49F025F8E8CF0048FACD /* Scenes */ = {
			isa = PBXGroup;
			children = (
				375F49F725F8E8FC0048FACD /* Settings */,
				375F49F625F8E8F30048FACD /* Search */,
			);
			path = Scenes;
			sourceTree = "<group>";
		};
		375F49F625F8E8F30048FACD /* Search */ = {
			isa = PBXGroup;
			children = (
				375F49F125F8E8EE0048FACD /* SearchViewController.swift */,
				375F49F825F8E92A0048FACD /* SearchControllerViewModel.swift */,
				375F4A0825F8EC810048FACD /* EventCellViewModel.swift */,
			);
			path = Search;
			sourceTree = "<group>";
		};
		375F49F725F8E8FC0048FACD /* Settings */ = {
			isa = PBXGroup;
			children = (
				375F49FD25F8E93D0048FACD /* SettingsViewController.swift */,
			);
			path = Settings;
			sourceTree = "<group>";
		};
		6381C14998AF1973DD88A59D /* Frameworks */ = {
			isa = PBXGroup;
			children = (
				C1B1498D4D2EFA0892EB4A70 /* Pods_SetScheduleTest.framework */,
				D85EA41D52FD8F57431A6393 /* Pods_SetScheduleTest_SetScheduleTestUITests.framework */,
				8D9A05E62075119B02F71A28 /* Pods_SetScheduleTestTests.framework */,
			);
			name = Frameworks;
			sourceTree = "<group>";
		};
/* End PBXGroup section */

/* Begin PBXNativeTarget section */
		375F49A925F8E6630048FACD /* SetScheduleTest */ = {
			isa = PBXNativeTarget;
			buildConfigurationList = 375F49D425F8E6660048FACD /* Build configuration list for PBXNativeTarget "SetScheduleTest" */;
			buildPhases = (
				0BF050511C3CEB1AAAD1B22F /* [CP] Check Pods Manifest.lock */,
				375F49A625F8E6630048FACD /* Sources */,
				375F49A725F8E6630048FACD /* Frameworks */,
				375F49A825F8E6630048FACD /* Resources */,
				4380943A98D42C7C063BDC88 /* [CP] Embed Pods Frameworks */,
			);
			buildRules = (
			);
			dependencies = (
			);
			name = SetScheduleTest;
			productName = SetScheduleTest;
			productReference = 375F49AA25F8E6630048FACD /* SetScheduleTest.app */;
			productType = "com.apple.product-type.application";
		};
		375F49BF25F8E6660048FACD /* SetScheduleTestTests */ = {
			isa = PBXNativeTarget;
			buildConfigurationList = 375F49D725F8E6660048FACD /* Build configuration list for PBXNativeTarget "SetScheduleTestTests" */;
			buildPhases = (
				4F76394CD5630C1F914D21EB /* [CP] Check Pods Manifest.lock */,
				375F49BC25F8E6660048FACD /* Sources */,
				375F49BD25F8E6660048FACD /* Frameworks */,
				375F49BE25F8E6660048FACD /* Resources */,
			);
			buildRules = (
			);
			dependencies = (
				375F49C225F8E6660048FACD /* PBXTargetDependency */,
			);
			name = SetScheduleTestTests;
			productName = SetScheduleTestTests;
			productReference = 375F49C025F8E6660048FACD /* SetScheduleTestTests.xctest */;
			productType = "com.apple.product-type.bundle.unit-test";
		};
		375F49CA25F8E6660048FACD /* SetScheduleTestUITests */ = {
			isa = PBXNativeTarget;
			buildConfigurationList = 375F49DA25F8E6660048FACD /* Build configuration list for PBXNativeTarget "SetScheduleTestUITests" */;
			buildPhases = (
				15EC25B610D81ADF6ADD8BCB /* [CP] Check Pods Manifest.lock */,
				375F49C725F8E6660048FACD /* Sources */,
				375F49C825F8E6660048FACD /* Frameworks */,
				375F49C925F8E6660048FACD /* Resources */,
				6B4C0FEEC884709922541C10 /* [CP] Embed Pods Frameworks */,
			);
			buildRules = (
			);
			dependencies = (
				375F49CD25F8E6660048FACD /* PBXTargetDependency */,
			);
			name = SetScheduleTestUITests;
			productName = SetScheduleTestUITests;
			productReference = 375F49CB25F8E6660048FACD /* SetScheduleTestUITests.xctest */;
			productType = "com.apple.product-type.bundle.ui-testing";
		};
/* End PBXNativeTarget section */

/* Begin PBXProject section */
		375F49A225F8E6630048FACD /* Project object */ = {
			isa = PBXProject;
			attributes = {
				LastSwiftUpdateCheck = 1240;
				LastUpgradeCheck = 1240;
				TargetAttributes = {
					375F49A925F8E6630048FACD = {
						CreatedOnToolsVersion = 12.4;
					};
					375F49BF25F8E6660048FACD = {
						CreatedOnToolsVersion = 12.4;
						TestTargetID = 375F49A925F8E6630048FACD;
					};
					375F49CA25F8E6660048FACD = {
						CreatedOnToolsVersion = 12.4;
						TestTargetID = 375F49A925F8E6630048FACD;
					};
				};
			};
			buildConfigurationList = 375F49A525F8E6630048FACD /* Build configuration list for PBXProject "SetScheduleTest" */;
			compatibilityVersion = "Xcode 9.3";
			developmentRegion = en;
			hasScannedForEncodings = 0;
			knownRegions = (
				en,
				Base,
			);
			mainGroup = 375F49A125F8E6630048FACD;
			productRefGroup = 375F49AB25F8E6630048FACD /* Products */;
			projectDirPath = "";
			projectRoot = "";
			targets = (
				375F49A925F8E6630048FACD /* SetScheduleTest */,
				375F49BF25F8E6660048FACD /* SetScheduleTestTests */,
				375F49CA25F8E6660048FACD /* SetScheduleTestUITests */,
			);
		};
/* End PBXProject section */

/* Begin PBXResourcesBuildPhase section */
		375F49A825F8E6630048FACD /* Resources */ = {
			isa = PBXResourcesBuildPhase;
			buildActionMask = 2147483647;
			files = (
				375F49BA25F8E6660048FACD /* LaunchScreen.storyboard in Resources */,
				375F49B725F8E6660048FACD /* Assets.xcassets in Resources */,
				375F49B525F8E6630048FACD /* Main.storyboard in Resources */,
			);
			runOnlyForDeploymentPostprocessing = 0;
		};
		375F49BE25F8E6660048FACD /* Resources */ = {
			isa = PBXResourcesBuildPhase;
			buildActionMask = 2147483647;
			files = (
			);
			runOnlyForDeploymentPostprocessing = 0;
		};
		375F49C925F8E6660048FACD /* Resources */ = {
			isa = PBXResourcesBuildPhase;
			buildActionMask = 2147483647;
			files = (
			);
			runOnlyForDeploymentPostprocessing = 0;
		};
/* End PBXResourcesBuildPhase section */

/* Begin PBXShellScriptBuildPhase section */
		0BF050511C3CEB1AAAD1B22F /* [CP] Check Pods Manifest.lock */ = {
			isa = PBXShellScriptBuildPhase;
			buildActionMask = 2147483647;
			files = (
			);
			inputFileListPaths = (
			);
			inputPaths = (
				"${PODS_PODFILE_DIR_PATH}/Podfile.lock",
				"${PODS_ROOT}/Manifest.lock",
			);
			name = "[CP] Check Pods Manifest.lock";
			outputFileListPaths = (
			);
			outputPaths = (
				"$(DERIVED_FILE_DIR)/Pods-SetScheduleTest-checkManifestLockResult.txt",
			);
			runOnlyForDeploymentPostprocessing = 0;
			shellPath = /bin/sh;
			shellScript = "diff \"${PODS_PODFILE_DIR_PATH}/Podfile.lock\" \"${PODS_ROOT}/Manifest.lock\" > /dev/null\nif [ $? != 0 ] ; then\n    # print error to STDERR\n    echo \"error: The sandbox is not in sync with the Podfile.lock. Run 'pod install' or update your CocoaPods installation.\" >&2\n    exit 1\nfi\n# This output is used by Xcode 'outputs' to avoid re-running this script phase.\necho \"SUCCESS\" > \"${SCRIPT_OUTPUT_FILE_0}\"\n";
			showEnvVarsInLog = 0;
		};
		15EC25B610D81ADF6ADD8BCB /* [CP] Check Pods Manifest.lock */ = {
			isa = PBXShellScriptBuildPhase;
			buildActionMask = 2147483647;
			files = (
			);
			inputFileListPaths = (
			);
			inputPaths = (
				"${PODS_PODFILE_DIR_PATH}/Podfile.lock",
				"${PODS_ROOT}/Manifest.lock",
			);
			name = "[CP] Check Pods Manifest.lock";
			outputFileListPaths = (
			);
			outputPaths = (
				"$(DERIVED_FILE_DIR)/Pods-SetScheduleTest-SetScheduleTestUITests-checkManifestLockResult.txt",
			);
			runOnlyForDeploymentPostprocessing = 0;
			shellPath = /bin/sh;
			shellScript = "diff \"${PODS_PODFILE_DIR_PATH}/Podfile.lock\" \"${PODS_ROOT}/Manifest.lock\" > /dev/null\nif [ $? != 0 ] ; then\n    # print error to STDERR\n    echo \"error: The sandbox is not in sync with the Podfile.lock. Run 'pod install' or update your CocoaPods installation.\" >&2\n    exit 1\nfi\n# This output is used by Xcode 'outputs' to avoid re-running this script phase.\necho \"SUCCESS\" > \"${SCRIPT_OUTPUT_FILE_0}\"\n";
			showEnvVarsInLog = 0;
		};
		4380943A98D42C7C063BDC88 /* [CP] Embed Pods Frameworks */ = {
			isa = PBXShellScriptBuildPhase;
			buildActionMask = 2147483647;
			files = (
			);
			inputFileListPaths = (
				"${PODS_ROOT}/Target Support Files/Pods-SetScheduleTest/Pods-SetScheduleTest-frameworks-${CONFIGURATION}-input-files.xcfilelist",
			);
			name = "[CP] Embed Pods Frameworks";
			outputFileListPaths = (
				"${PODS_ROOT}/Target Support Files/Pods-SetScheduleTest/Pods-SetScheduleTest-frameworks-${CONFIGURATION}-output-files.xcfilelist",
			);
			runOnlyForDeploymentPostprocessing = 0;
			shellPath = /bin/sh;
			shellScript = "\"${PODS_ROOT}/Target Support Files/Pods-SetScheduleTest/Pods-SetScheduleTest-frameworks.sh\"\n";
			showEnvVarsInLog = 0;
		};
		4F76394CD5630C1F914D21EB /* [CP] Check Pods Manifest.lock */ = {
			isa = PBXShellScriptBuildPhase;
			buildActionMask = 2147483647;
			files = (
			);
			inputFileListPaths = (
			);
			inputPaths = (
				"${PODS_PODFILE_DIR_PATH}/Podfile.lock",
				"${PODS_ROOT}/Manifest.lock",
			);
			name = "[CP] Check Pods Manifest.lock";
			outputFileListPaths = (
			);
			outputPaths = (
				"$(DERIVED_FILE_DIR)/Pods-SetScheduleTestTests-checkManifestLockResult.txt",
			);
			runOnlyForDeploymentPostprocessing = 0;
			shellPath = /bin/sh;
			shellScript = "diff \"${PODS_PODFILE_DIR_PATH}/Podfile.lock\" \"${PODS_ROOT}/Manifest.lock\" > /dev/null\nif [ $? != 0 ] ; then\n    # print error to STDERR\n    echo \"error: The sandbox is not in sync with the Podfile.lock. Run 'pod install' or update your CocoaPods installation.\" >&2\n    exit 1\nfi\n# This output is used by Xcode 'outputs' to avoid re-running this script phase.\necho \"SUCCESS\" > \"${SCRIPT_OUTPUT_FILE_0}\"\n";
			showEnvVarsInLog = 0;
		};
		6B4C0FEEC884709922541C10 /* [CP] Embed Pods Frameworks */ = {
			isa = PBXShellScriptBuildPhase;
			buildActionMask = 2147483647;
			files = (
			);
			inputFileListPaths = (
				"${PODS_ROOT}/Target Support Files/Pods-SetScheduleTest-SetScheduleTestUITests/Pods-SetScheduleTest-SetScheduleTestUITests-frameworks-${CONFIGURATION}-input-files.xcfilelist",
			);
			name = "[CP] Embed Pods Frameworks";
			outputFileListPaths = (
				"${PODS_ROOT}/Target Support Files/Pods-SetScheduleTest-SetScheduleTestUITests/Pods-SetScheduleTest-SetScheduleTestUITests-frameworks-${CONFIGURATION}-output-files.xcfilelist",
			);
			runOnlyForDeploymentPostprocessing = 0;
			shellPath = /bin/sh;
			shellScript = "\"${PODS_ROOT}/Target Support Files/Pods-SetScheduleTest-SetScheduleTestUITests/Pods-SetScheduleTest-SetScheduleTestUITests-frameworks.sh\"\n";
			showEnvVarsInLog = 0;
		};
/* End PBXShellScriptBuildPhase section */

/* Begin PBXSourcesBuildPhase section */
		375F49A625F8E6630048FACD /* Sources */ = {
			isa = PBXSourcesBuildPhase;
			buildActionMask = 2147483647;
			files = (
				375F49B225F8E6630048FACD /* ViewController.swift in Sources */,
				375F4A0925F8EC810048FACD /* EventCellViewModel.swift in Sources */,
				375F49AE25F8E6630048FACD /* AppDelegate.swift in Sources */,
				375F49F925F8E92A0048FACD /* SearchControllerViewModel.swift in Sources */,
				375F49F225F8E8EE0048FACD /* SearchViewController.swift in Sources */,
				375F49B025F8E6630048FACD /* SceneDelegate.swift in Sources */,
				375F49FE25F8E93D0048FACD /* SettingsViewController.swift in Sources */,
			);
			runOnlyForDeploymentPostprocessing = 0;
		};
		375F49BC25F8E6660048FACD /* Sources */ = {
			isa = PBXSourcesBuildPhase;
			buildActionMask = 2147483647;
			files = (
				375F49C525F8E6660048FACD /* SetScheduleTestTests.swift in Sources */,
			);
			runOnlyForDeploymentPostprocessing = 0;
		};
		375F49C725F8E6660048FACD /* Sources */ = {
			isa = PBXSourcesBuildPhase;
			buildActionMask = 2147483647;
			files = (
				375F49D025F8E6660048FACD /* SetScheduleTestUITests.swift in Sources */,
			);
			runOnlyForDeploymentPostprocessing = 0;
		};
/* End PBXSourcesBuildPhase section */

/* Begin PBXTargetDependency section */
		375F49C225F8E6660048FACD /* PBXTargetDependency */ = {
			isa = PBXTargetDependency;
			target = 375F49A925F8E6630048FACD /* SetScheduleTest */;
			targetProxy = 375F49C125F8E6660048FACD /* PBXContainerItemProxy */;
		};
		375F49CD25F8E6660048FACD /* PBXTargetDependency */ = {
			isa = PBXTargetDependency;
			target = 375F49A925F8E6630048FACD /* SetScheduleTest */;
			targetProxy = 375F49CC25F8E6660048FACD /* PBXContainerItemProxy */;
		};
/* End PBXTargetDependency section */

/* Begin PBXVariantGroup section */
		375F49B325F8E6630048FACD /* Main.storyboard */ = {
			isa = PBXVariantGroup;
			children = (
				375F49B425F8E6630048FACD /* Base */,
			);
			name = Main.storyboard;
			sourceTree = "<group>";
		};
		375F49B825F8E6660048FACD /* LaunchScreen.storyboard */ = {
			isa = PBXVariantGroup;
			children = (
				375F49B925F8E6660048FACD /* Base */,
			);
			name = LaunchScreen.storyboard;
			sourceTree = "<group>";
		};
/* End PBXVariantGroup section */

/* Begin XCBuildConfiguration section */
		375F49D225F8E6660048FACD /* Debug */ = {
			isa = XCBuildConfiguration;
			buildSettings = {
				ALWAYS_SEARCH_USER_PATHS = NO;
				CLANG_ANALYZER_NONNULL = YES;
				CLANG_ANALYZER_NUMBER_OBJECT_CONVERSION = YES_AGGRESSIVE;
				CLANG_CXX_LANGUAGE_STANDARD = "gnu++14";
				CLANG_CXX_LIBRARY = "libc++";
				CLANG_ENABLE_MODULES = YES;
				CLANG_ENABLE_OBJC_ARC = YES;
				CLANG_ENABLE_OBJC_WEAK = YES;
				CLANG_WARN_BLOCK_CAPTURE_AUTORELEASING = YES;
				CLANG_WARN_BOOL_CONVERSION = YES;
				CLANG_WARN_COMMA = YES;
				CLANG_WARN_CONSTANT_CONVERSION = YES;
				CLANG_WARN_DEPRECATED_OBJC_IMPLEMENTATIONS = YES;
				CLANG_WARN_DIRECT_OBJC_ISA_USAGE = YES_ERROR;
				CLANG_WARN_DOCUMENTATION_COMMENTS = YES;
				CLANG_WARN_EMPTY_BODY = YES;
				CLANG_WARN_ENUM_CONVERSION = YES;
				CLANG_WARN_INFINITE_RECURSION = YES;
				CLANG_WARN_INT_CONVERSION = YES;
				CLANG_WARN_NON_LITERAL_NULL_CONVERSION = YES;
				CLANG_WARN_OBJC_IMPLICIT_RETAIN_SELF = YES;
				CLANG_WARN_OBJC_LITERAL_CONVERSION = YES;
				CLANG_WARN_OBJC_ROOT_CLASS = YES_ERROR;
				CLANG_WARN_QUOTED_INCLUDE_IN_FRAMEWORK_HEADER = YES;
				CLANG_WARN_RANGE_LOOP_ANALYSIS = YES;
				CLANG_WARN_STRICT_PROTOTYPES = YES;
				CLANG_WARN_SUSPICIOUS_MOVE = YES;
				CLANG_WARN_UNGUARDED_AVAILABILITY = YES_AGGRESSIVE;
				CLANG_WARN_UNREACHABLE_CODE = YES;
				CLANG_WARN__DUPLICATE_METHOD_MATCH = YES;
				COPY_PHASE_STRIP = NO;
				DEBUG_INFORMATION_FORMAT = dwarf;
				ENABLE_STRICT_OBJC_MSGSEND = YES;
				ENABLE_TESTABILITY = YES;
				GCC_C_LANGUAGE_STANDARD = gnu11;
				GCC_DYNAMIC_NO_PIC = NO;
				GCC_NO_COMMON_BLOCKS = YES;
				GCC_OPTIMIZATION_LEVEL = 0;
				GCC_PREPROCESSOR_DEFINITIONS = (
					"DEBUG=1",
					"$(inherited)",
				);
				GCC_WARN_64_TO_32_BIT_CONVERSION = YES;
				GCC_WARN_ABOUT_RETURN_TYPE = YES_ERROR;
				GCC_WARN_UNDECLARED_SELECTOR = YES;
				GCC_WARN_UNINITIALIZED_AUTOS = YES_AGGRESSIVE;
				GCC_WARN_UNUSED_FUNCTION = YES;
				GCC_WARN_UNUSED_VARIABLE = YES;
				IPHONEOS_DEPLOYMENT_TARGET = 14.4;
				MTL_ENABLE_DEBUG_INFO = INCLUDE_SOURCE;
				MTL_FAST_MATH = YES;
				ONLY_ACTIVE_ARCH = YES;
				SDKROOT = iphoneos;
				SWIFT_ACTIVE_COMPILATION_CONDITIONS = DEBUG;
				SWIFT_OPTIMIZATION_LEVEL = "-Onone";
			};
			name = Debug;
		};
		375F49D325F8E6660048FACD /* Release */ = {
			isa = XCBuildConfiguration;
			buildSettings = {
				ALWAYS_SEARCH_USER_PATHS = NO;
				CLANG_ANALYZER_NONNULL = YES;
				CLANG_ANALYZER_NUMBER_OBJECT_CONVERSION = YES_AGGRESSIVE;
				CLANG_CXX_LANGUAGE_STANDARD = "gnu++14";
				CLANG_CXX_LIBRARY = "libc++";
				CLANG_ENABLE_MODULES = YES;
				CLANG_ENABLE_OBJC_ARC = YES;
				CLANG_ENABLE_OBJC_WEAK = YES;
				CLANG_WARN_BLOCK_CAPTURE_AUTORELEASING = YES;
				CLANG_WARN_BOOL_CONVERSION = YES;
				CLANG_WARN_COMMA = YES;
				CLANG_WARN_CONSTANT_CONVERSION = YES;
				CLANG_WARN_DEPRECATED_OBJC_IMPLEMENTATIONS = YES;
				CLANG_WARN_DIRECT_OBJC_ISA_USAGE = YES_ERROR;
				CLANG_WARN_DOCUMENTATION_COMMENTS = YES;
				CLANG_WARN_EMPTY_BODY = YES;
				CLANG_WARN_ENUM_CONVERSION = YES;
				CLANG_WARN_INFINITE_RECURSION = YES;
				CLANG_WARN_INT_CONVERSION = YES;
				CLANG_WARN_NON_LITERAL_NULL_CONVERSION = YES;
				CLANG_WARN_OBJC_IMPLICIT_RETAIN_SELF = YES;
				CLANG_WARN_OBJC_LITERAL_CONVERSION = YES;
				CLANG_WARN_OBJC_ROOT_CLASS = YES_ERROR;
				CLANG_WARN_QUOTED_INCLUDE_IN_FRAMEWORK_HEADER = YES;
				CLANG_WARN_RANGE_LOOP_ANALYSIS = YES;
				CLANG_WARN_STRICT_PROTOTYPES = YES;
				CLANG_WARN_SUSPICIOUS_MOVE = YES;
				CLANG_WARN_UNGUARDED_AVAILABILITY = YES_AGGRESSIVE;
				CLANG_WARN_UNREACHABLE_CODE = YES;
				CLANG_WARN__DUPLICATE_METHOD_MATCH = YES;
				COPY_PHASE_STRIP = NO;
				DEBUG_INFORMATION_FORMAT = "dwarf-with-dsym";
				ENABLE_NS_ASSERTIONS = NO;
				ENABLE_STRICT_OBJC_MSGSEND = YES;
				GCC_C_LANGUAGE_STANDARD = gnu11;
				GCC_NO_COMMON_BLOCKS = YES;
				GCC_WARN_64_TO_32_BIT_CONVERSION = YES;
				GCC_WARN_ABOUT_RETURN_TYPE = YES_ERROR;
				GCC_WARN_UNDECLARED_SELECTOR = YES;
				GCC_WARN_UNINITIALIZED_AUTOS = YES_AGGRESSIVE;
				GCC_WARN_UNUSED_FUNCTION = YES;
				GCC_WARN_UNUSED_VARIABLE = YES;
				IPHONEOS_DEPLOYMENT_TARGET = 14.4;
				MTL_ENABLE_DEBUG_INFO = NO;
				MTL_FAST_MATH = YES;
				SDKROOT = iphoneos;
				SWIFT_COMPILATION_MODE = wholemodule;
				SWIFT_OPTIMIZATION_LEVEL = "-O";
				VALIDATE_PRODUCT = YES;
			};
			name = Release;
		};
		375F49D525F8E6660048FACD /* Debug */ = {
			isa = XCBuildConfiguration;
			baseConfigurationReference = 35DF3F747D462F152CBAEC7A /* Pods-SetScheduleTest.debug.xcconfig */;
			buildSettings = {
				ASSETCATALOG_COMPILER_APPICON_NAME = AppIcon;
				ASSETCATALOG_COMPILER_GLOBAL_ACCENT_COLOR_NAME = AccentColor;
				CODE_SIGN_STYLE = Automatic;
				DEVELOPMENT_TEAM = TAVFWZZ98S;
				INFOPLIST_FILE = SetScheduleTest/Info.plist;
				LD_RUNPATH_SEARCH_PATHS = (
					"$(inherited)",
					"@executable_path/Frameworks",
				);
				PRODUCT_BUNDLE_IDENTIFIER = tableview.SetScheduleTest;
				PRODUCT_NAME = "$(TARGET_NAME)";
				SWIFT_VERSION = 5.0;
				TARGETED_DEVICE_FAMILY = "1,2";
			};
			name = Debug;
		};
		375F49D625F8E6660048FACD /* Release */ = {
			isa = XCBuildConfiguration;
			baseConfigurationReference = 7A769F2E60876977B3423845 /* Pods-SetScheduleTest.release.xcconfig */;
			buildSettings = {
				ASSETCATALOG_COMPILER_APPICON_NAME = AppIcon;
				ASSETCATALOG_COMPILER_GLOBAL_ACCENT_COLOR_NAME = AccentColor;
				CODE_SIGN_STYLE = Automatic;
				DEVELOPMENT_TEAM = TAVFWZZ98S;
				INFOPLIST_FILE = SetScheduleTest/Info.plist;
				LD_RUNPATH_SEARCH_PATHS = (
					"$(inherited)",
					"@executable_path/Frameworks",
				);
				PRODUCT_BUNDLE_IDENTIFIER = tableview.SetScheduleTest;
				PRODUCT_NAME = "$(TARGET_NAME)";
				SWIFT_VERSION = 5.0;
				TARGETED_DEVICE_FAMILY = "1,2";
			};
			name = Release;
		};
		375F49D825F8E6660048FACD /* Debug */ = {
			isa = XCBuildConfiguration;
			baseConfigurationReference = E5D266F973F3DF13EEBA46D3 /* Pods-SetScheduleTestTests.debug.xcconfig */;
			buildSettings = {
				ALWAYS_EMBED_SWIFT_STANDARD_LIBRARIES = YES;
				BUNDLE_LOADER = "$(TEST_HOST)";
				CODE_SIGN_STYLE = Automatic;
				DEVELOPMENT_TEAM = TAVFWZZ98S;
				INFOPLIST_FILE = SetScheduleTestTests/Info.plist;
				IPHONEOS_DEPLOYMENT_TARGET = 14.4;
				LD_RUNPATH_SEARCH_PATHS = (
					"$(inherited)",
					"@executable_path/Frameworks",
					"@loader_path/Frameworks",
				);
				PRODUCT_BUNDLE_IDENTIFIER = tableview.SetScheduleTestTests;
				PRODUCT_NAME = "$(TARGET_NAME)";
				SWIFT_VERSION = 5.0;
				TARGETED_DEVICE_FAMILY = "1,2";
				TEST_HOST = "$(BUILT_PRODUCTS_DIR)/SetScheduleTest.app/SetScheduleTest";
			};
			name = Debug;
		};
		375F49D925F8E6660048FACD /* Release */ = {
			isa = XCBuildConfiguration;
			baseConfigurationReference = 479B25BFDD25B6C4439867CF /* Pods-SetScheduleTestTests.release.xcconfig */;
			buildSettings = {
				ALWAYS_EMBED_SWIFT_STANDARD_LIBRARIES = YES;
				BUNDLE_LOADER = "$(TEST_HOST)";
				CODE_SIGN_STYLE = Automatic;
				DEVELOPMENT_TEAM = TAVFWZZ98S;
				INFOPLIST_FILE = SetScheduleTestTests/Info.plist;
				IPHONEOS_DEPLOYMENT_TARGET = 14.4;
				LD_RUNPATH_SEARCH_PATHS = (
					"$(inherited)",
					"@executable_path/Frameworks",
					"@loader_path/Frameworks",
				);
				PRODUCT_BUNDLE_IDENTIFIER = tableview.SetScheduleTestTests;
				PRODUCT_NAME = "$(TARGET_NAME)";
				SWIFT_VERSION = 5.0;
				TARGETED_DEVICE_FAMILY = "1,2";
				TEST_HOST = "$(BUILT_PRODUCTS_DIR)/SetScheduleTest.app/SetScheduleTest";
			};
			name = Release;
		};
		375F49DB25F8E6660048FACD /* Debug */ = {
			isa = XCBuildConfiguration;
			baseConfigurationReference = 92E5899A87736F427EBFE0BB /* Pods-SetScheduleTest-SetScheduleTestUITests.debug.xcconfig */;
			buildSettings = {
				ALWAYS_EMBED_SWIFT_STANDARD_LIBRARIES = YES;
				CODE_SIGN_STYLE = Automatic;
				DEVELOPMENT_TEAM = TAVFWZZ98S;
				INFOPLIST_FILE = SetScheduleTestUITests/Info.plist;
				LD_RUNPATH_SEARCH_PATHS = (
					"$(inherited)",
					"@executable_path/Frameworks",
					"@loader_path/Frameworks",
				);
				PRODUCT_BUNDLE_IDENTIFIER = tableview.SetScheduleTestUITests;
				PRODUCT_NAME = "$(TARGET_NAME)";
				SWIFT_VERSION = 5.0;
				TARGETED_DEVICE_FAMILY = "1,2";
				TEST_TARGET_NAME = SetScheduleTest;
			};
			name = Debug;
		};
		375F49DC25F8E6660048FACD /* Release */ = {
			isa = XCBuildConfiguration;
			baseConfigurationReference = FE3B21D8E8F13118B18E8726 /* Pods-SetScheduleTest-SetScheduleTestUITests.release.xcconfig */;
			buildSettings = {
				ALWAYS_EMBED_SWIFT_STANDARD_LIBRARIES = YES;
				CODE_SIGN_STYLE = Automatic;
				DEVELOPMENT_TEAM = TAVFWZZ98S;
				INFOPLIST_FILE = SetScheduleTestUITests/Info.plist;
				LD_RUNPATH_SEARCH_PATHS = (
					"$(inherited)",
					"@executable_path/Frameworks",
					"@loader_path/Frameworks",
				);
				PRODUCT_BUNDLE_IDENTIFIER = tableview.SetScheduleTestUITests;
				PRODUCT_NAME = "$(TARGET_NAME)";
				SWIFT_VERSION = 5.0;
				TARGETED_DEVICE_FAMILY = "1,2";
				TEST_TARGET_NAME = SetScheduleTest;
			};
			name = Release;
		};
/* End XCBuildConfiguration section */

/* Begin XCConfigurationList section */
		375F49A525F8E6630048FACD /* Build configuration list for PBXProject "SetScheduleTest" */ = {
			isa = XCConfigurationList;
			buildConfigurations = (
				375F49D225F8E6660048FACD /* Debug */,
				375F49D325F8E6660048FACD /* Release */,
			);
			defaultConfigurationIsVisible = 0;
			defaultConfigurationName = Release;
		};
		375F49D425F8E6660048FACD /* Build configuration list for PBXNativeTarget "SetScheduleTest" */ = {
			isa = XCConfigurationList;
			buildConfigurations = (
				375F49D525F8E6660048FACD /* Debug */,
				375F49D625F8E6660048FACD /* Release */,
			);
			defaultConfigurationIsVisible = 0;
			defaultConfigurationName = Release;
		};
		375F49D725F8E6660048FACD /* Build configuration list for PBXNativeTarget "SetScheduleTestTests" */ = {
			isa = XCConfigurationList;
			buildConfigurations = (
				375F49D825F8E6660048FACD /* Debug */,
				375F49D925F8E6660048FACD /* Release */,
			);
			defaultConfigurationIsVisible = 0;
			defaultConfigurationName = Release;
		};
		375F49DA25F8E6660048FACD /* Build configuration list for PBXNativeTarget "SetScheduleTestUITests" */ = {
			isa = XCConfigurationList;
			buildConfigurations = (
				375F49DB25F8E6660048FACD /* Debug */,
				375F49DC25F8E6660048FACD /* Release */,
			);
			defaultConfigurationIsVisible = 0;
			defaultConfigurationName = Release;
		};
/* End XCConfigurationList section */
	};
	rootObject = 375F49A225F8E6630048FACD /* Project object */;
}
